---
lockfileVersion: 1
lockfileVendor: redhat
arches:
- arch: aarch64
  packages:
  - url: https://cdn-ubi.redhat.com/content/public/ubi/dist/ubi8/8/aarch64/appstream/os/Packages/s/socat-1.7.4.1-2.el8_10.aarch64.rpm
    repoid: ubi-8-for-aarch64-appstream-rpms
    size: 324648
    checksum: sha256:d1cfd41584d8a3ccb3b497178354f76d678c14214f30e867f7d55feb8bf6f35c
    name: socat
    evr: 1.7.4.1-2.el8_10
    sourcerpm: socat-1.7.4.1-2.el8_10.src.rpm
  - url: https://cdn-ubi.redhat.com/content/public/ubi/dist/ubi8/8/aarch64/baseos/os/Packages/r/rsync-3.1.3-27.el8_10.aarch64.rpm
    repoid: ubi-8-for-aarch64-baseos-rpms
    size: 416968
    checksum: sha256:9266aec010f2300f9dc8e6532d707a406f029be581d6127b5957350d260db7fb
    name: rsync
    evr: 3.1.3-27.el8_10
    sourcerpm: rsync-3.1.3-27.el8_10.src.rpm
  - url: https://cdn-ubi.redhat.com/content/public/ubi/dist/ubi8/8/aarch64/baseos/os/Packages/t/tar-1.30-13.el8_10.aarch64.rpm
    repoid: ubi-8-for-aarch64-baseos-rpms
    size: 855176
    checksum: sha256:d029ddcf86ec7fd250ecaf81aa10caa6d6a6a28c42b43f9af48ecd144a591e43
    name: tar
    evr: 2:1.30-13.el8_10
    sourcerpm: tar-1.30-13.el8_10.src.rpm
  - url: https://cdn-ubi.redhat.com/content/public/ubi/dist/ubi8/8/aarch64/baseos/os/Packages/t/tzdata-2026c-1.el8_10.noarch.rpm
    repoid: ubi-8-for-aarch64-baseos-rpms
    size: 562628
    checksum: sha256:83ec0ee7d288f82f0c9dfd04475596711bf0ed4e26aea37d6c0a020acdb32472
    name: tzdata
    evr: 2026c-1.el8_10
    sourcerpm: tzdata-2026c-1.el8_10.src.rpm
  source:
  - url: https://cdn-ubi.redhat.com/content/public/ubi/dist/ubi8/8/aarch64/appstream/source/SRPMS/Packages/s/socat-1.7.4.1-2.el8_10.src.rpm
    repoid: ubi-8-for-aarch64-appstream-source-rpms
    size: 667200
    checksum: sha256:785c6b46c00a71d7e711dd1d60c64c1a6e3d80b395e459a3beaf780a3b489120
    name: socat
    evr: 1.7.4.1-2.el8_10
  - url: https://cdn-ubi.redhat.com/content/public/ubi/dist/ubi8/8/aarch64/baseos/source/SRPMS/Packages/r/rsync-3.1.3-27.el8_10.src.rpm
    repoid: ubi-8-for-aarch64-baseos-source-rpms
    size: 1201836
    checksum: sha256:7f17a6e1ae71fc4fc5027e839551a963eb3d8b6ddcc1447deb2acdb0f97585c3
    name: rsync
    evr: 3.1.3-27.el8_10
  - url: https://cdn-ubi.redhat.com/content/public/ubi/dist/ubi8/8/aarch64/baseos/source/SRPMS/Packages/t/tar-1.30-13.el8_10.src.rpm
    repoid: ubi-8-for-aarch64-baseos-source-rpms
    size: 2255612
    checksum: sha256:6b9511f132b3d691379f8f4df65a84f8a9fa3048bc379c47d2bb291d37927d8b
    name: tar
    evr: 2:1.30-13.el8_10
  - url: https://cdn-ubi.redhat.com/content/public/ubi/dist/ubi8/8/aarch64/baseos/source/SRPMS/Packages/t/tzdata-2026c-1.el8_10.src.rpm
    repoid: ubi-8-for-aarch64-baseos-source-rpms
    size: 973406
    checksum: sha256:0f1a5b4eb83467de27fb5e11c9ca30a3a148773791a31a3c6e76737ae9776a6b
    name: tzdata
    evr: 2026c-1.el8_10
  module_metadata: []
- arch: ppc64le
  packages:
  - url: https://cdn-ubi.redhat.com/content/public/ubi/dist/ubi8/8/ppc64le/appstream/os/Packages/s/socat-1.7.4.1-2.el8_10.ppc64le.rpm
    repoid: ubi-8-for-ppc64le-appstream-rpms
    size: 337688
    checksum: sha256:c4dc39953e219de149c771fbdc37fd8d5988c1036978679b76b22832fcb63321
    name: socat
    evr: 1.7.4.1-2.el8_10
    sourcerpm: socat-1.7.4.1-2.el8_10.src.rpm
  - url: https://cdn-ubi.redhat.com/content/public/ubi/dist/ubi8/8/ppc64le/baseos/os/Packages/r/rsync-3.1.3-27.el8_10.ppc64le.rpm
    repoid: ubi-8-for-ppc64le-baseos-rpms
    size: 450812
    checksum: sha256:344f62d8772fc338bce2cd55e2aa544c03811ff69060b506c6efbae022b733b4
    name: rsync
    evr: 3.1.3-27.el8_10
    sourcerpm: rsync-3.1.3-27.el8_10.src.rpm
  - url: https://cdn-ubi.redhat.com/content/public/ubi/dist/ubi8/8/ppc64le/baseos/os/Packages/t/tar-1.30-13.el8_10.ppc64le.rpm
    repoid: ubi-8-for-ppc64le-baseos-rpms
    size: 885380
    checksum: sha256:7f48b5d1e97adb66f2bc679981c32c478614a36a077c698448e0f7fabd3556a5
    name: tar
    evr: 2:1.30-13.el8_10
    sourcerpm: tar-1.30-13.el8_10.src.rpm
  - url: https://cdn-ubi.redhat.com/content/public/ubi/dist/ubi8/8/ppc64le/baseos/os/Packages/t/tzdata-2026c-1.el8_10.noarch.rpm
    repoid: ubi-8-for-ppc64le-baseos-rpms
    size: 562628
    checksum: sha256:83ec0ee7d288f82f0c9dfd04475596711bf0ed4e26aea37d6c0a020acdb32472
    name: tzdata
    evr: 2026c-1.el8_10
    sourcerpm: tzdata-2026c-1.el8_10.src.rpm
  source:
  - url: https://cdn-ubi.redhat.com/content/public/ubi/dist/ubi8/8/ppc64le/appstream/source/SRPMS/Packages/s/socat-1.7.4.1-2.el8_10.src.rpm
    repoid: ubi-8-for-ppc64le-appstream-source-rpms
    size: 667200
    checksum: sha256:785c6b46c00a71d7e711dd1d60c64c1a6e3d80b395e459a3beaf780a3b489120
    name: socat
    evr: 1.7.4.1-2.el8_10
  - url: https://cdn-ubi.redhat.com/content/public/ubi/dist/ubi8/8/ppc64le/baseos/source/SRPMS/Packages/r/rsync-3.1.3-27.el8_10.src.rpm
    repoid: ubi-8-for-ppc64le-baseos-source-rpms
    size: 1201836
    checksum: sha256:7f17a6e1ae71fc4fc5027e839551a963eb3d8b6ddcc1447deb2acdb0f97585c3
    name: rsync
    evr: 3.1.3-27.el8_10
  - url: https://cdn-ubi.redhat.com/content/public/ubi/dist/ubi8/8/ppc64le/baseos/source/SRPMS/Packages/t/tar-1.30-13.el8_10.src.rpm
    repoid: ubi-8-for-ppc64le-baseos-source-rpms
    size: 2255612
    checksum: sha256:6b9511f132b3d691379f8f4df65a84f8a9fa3048bc379c47d2bb291d37927d8b
    name: tar
    evr: 2:1.30-13.el8_10
  - url: https://cdn-ubi.redhat.com/content/public/ubi/dist/ubi8/8/ppc64le/baseos/source/SRPMS/Packages/t/tzdata-2026c-1.el8_10.src.rpm
    repoid: ubi-8-for-ppc64le-baseos-source-rpms
    size: 973406
    checksum: sha256:0f1a5b4eb83467de27fb5e11c9ca30a3a148773791a31a3c6e76737ae9776a6b
    name: tzdata
    evr: 2026c-1.el8_10
  module_metadata: []
- arch: s390x
  packages:
  - url: https://cdn-ubi.redhat.com/content/public/ubi/dist/ubi8/8/s390x/appstream/os/Packages/s/socat-1.7.4.1-2.el8_10.s390x.rpm
    repoid: ubi-8-for-s390x-appstream-rpms
    size: 320648
    checksum: sha256:0a2ef4ac2be93e4979b538ea7662e8331d29fb67fdabd3e42fd0803cf4b16562
    name: socat
    evr: 1.7.4.1-2.el8_10
    sourcerpm: socat-1.7.4.1-2.el8_10.src.rpm
  - url: https://cdn-ubi.redhat.com/content/public/ubi/dist/ubi8/8/s390x/baseos/os/Packages/r/rsync-3.1.3-27.el8_10.s390x.rpm
    repoid: ubi-8-for-s390x-baseos-rpms
    size: 419752
    checksum: sha256:80e2a6224d170cb7fe2608649f3bad5fe22d658ec0754644227111c8185df8c1
    name: rsync
    evr: 3.1.3-27.el8_10
    sourcerpm: rsync-3.1.3-27.el8_10.src.rpm
  - url: https://cdn-ubi.redhat.com/content/public/ubi/dist/ubi8/8/s390x/baseos/os/Packages/t/tar-1.30-13.el8_10.s390x.rpm
    repoid: ubi-8-for-s390x-baseos-rpms
    size: 859508
    checksum: sha256:2c113650f0993c76ae62c1859f28f8cb859ce4bc665bd818d9143daa4c530d6d
    name: tar
    evr: 2:1.30-13.el8_10
    sourcerpm: tar-1.30-13.el8_10.src.rpm
  - url: https://cdn-ubi.redhat.com/content/public/ubi/dist/ubi8/8/s390x/baseos/os/Packages/t/tzdata-2026c-1.el8_10.noarch.rpm
    repoid: ubi-8-for-s390x-baseos-rpms
    size: 562628
    checksum: sha256:83ec0ee7d288f82f0c9dfd04475596711bf0ed4e26aea37d6c0a020acdb32472
    name: tzdata
    evr: 2026c-1.el8_10
    sourcerpm: tzdata-2026c-1.el8_10.src.rpm
  source:
  - url: https://cdn-ubi.redhat.com/content/public/ubi/dist/ubi8/8/s390x/appstream/source/SRPMS/Packages/s/socat-1.7.4.1-2.el8_10.src.rpm
    repoid: ubi-8-for-s390x-appstream-source-rpms
    size: 667200
    checksum: sha256:785c6b46c00a71d7e711dd1d60c64c1a6e3d80b395e459a3beaf780a3b489120
    name: socat
    evr: 1.7.4.1-2.el8_10
  - url: https://cdn-ubi.redhat.com/content/public/ubi/dist/ubi8/8/s390x/baseos/source/SRPMS/Packages/r/rsync-3.1.3-27.el8_10.src.rpm
    repoid: ubi-8-for-s390x-baseos-source-rpms
    size: 1201836
    checksum: sha256:7f17a6e1ae71fc4fc5027e839551a963eb3d8b6ddcc1447deb2acdb0f97585c3
    name: rsync
    evr: 3.1.3-27.el8_10
  - url: https://cdn-ubi.redhat.com/content/public/ubi/dist/ubi8/8/s390x/baseos/source/SRPMS/Packages/t/tar-1.30-13.el8_10.src.rpm
    repoid: ubi-8-for-s390x-baseos-source-rpms
    size: 2255612
    checksum: sha256:6b9511f132b3d691379f8f4df65a84f8a9fa3048bc379c47d2bb291d37927d8b
    name: tar
    evr: 2:1.30-13.el8_10
  - url: https://cdn-ubi.redhat.com/content/public/ubi/dist/ubi8/8/s390x/baseos/source/SRPMS/Packages/t/tzdata-2026c-1.el8_10.src.rpm
    repoid: ubi-8-for-s390x-baseos-source-rpms
    size: 973406
    checksum: sha256:0f1a5b4eb83467de27fb5e11c9ca30a3a148773791a31a3c6e76737ae9776a6b
    name: tzdata
    evr: 2026c-1.el8_10
  module_metadata: []
- arch: x86_64
  packages:
  - url: https://cdn-ubi.redhat.com/content/public/ubi/dist/ubi8/8/x86_64/appstream/os/Packages/s/socat-1.7.4.1-2.el8_10.x86_64.rpm
    repoid: ubi-8-for-x86_64-appstream-rpms
    size: 331072
    checksum: sha256:2a52879b3f75ace60cbf347c3c883776ac18f2847aa0e2baa6f7a58499479e09
    name: socat
    evr: 1.7.4.1-2.el8_10
    sourcerpm: socat-1.7.4.1-2.el8_10.src.rpm
  - url: https://cdn-ubi.redhat.com/content/public/ubi/dist/ubi8/8/x86_64/baseos/os/Packages/r/rsync-3.1.3-27.el8_10.x86_64.rpm
    repoid: ubi-8-for-x86_64-baseos-rpms
    size: 427140
    checksum: sha256:035fdb2795e3dcebaaf18c89ccdaec6784514e5ad6753afa50d5862ec1a2024a
    name: rsync
    evr: 3.1.3-27.el8_10
    sourcerpm: rsync-3.1.3-27.el8_10.src.rpm
  - url: https://cdn-ubi.redhat.com/content/public/ubi/dist/ubi8/8/x86_64/baseos/os/Packages/t/tar-1.30-13.el8_10.x86_64.rpm
    repoid: ubi-8-for-x86_64-baseos-rpms
    size: 865696
    checksum: sha256:4227107e7fbac90afd1fc1de257d1af0910e4b8efb2a02599151ca8f3f5fd1e4
    name: tar
    evr: 2:1.30-13.el8_10
    sourcerpm: tar-1.30-13.el8_10.src.rpm
  - url: https://cdn-ubi.redhat.com/content/public/ubi/dist/ubi8/8/x86_64/baseos/os/Packages/t/tzdata-2026c-1.el8_10.noarch.rpm
    repoid: ubi-8-for-x86_64-baseos-rpms
    size: 562628
    checksum: sha256:83ec0ee7d288f82f0c9dfd04475596711bf0ed4e26aea37d6c0a020acdb32472
    name: tzdata
    evr: 2026c-1.el8_10
    sourcerpm: tzdata-2026c-1.el8_10.src.rpm
  source:
  - url: https://cdn-ubi.redhat.com/content/public/ubi/dist/ubi8/8/x86_64/appstream/source/SRPMS/Packages/s/socat-1.7.4.1-2.el8_10.src.rpm
    repoid: ubi-8-for-x86_64-appstream-source-rpms
    size: 667200
    checksum: sha256:785c6b46c00a71d7e711dd1d60c64c1a6e3d80b395e459a3beaf780a3b489120
    name: socat
    evr: 1.7.4.1-2.el8_10
  - url: https://cdn-ubi.redhat.com/content/public/ubi/dist/ubi8/8/x86_64/baseos/source/SRPMS/Packages/r/rsync-3.1.3-27.el8_10.src.rpm
    repoid: ubi-8-for-x86_64-baseos-source-rpms
    size: 1201836
    checksum: sha256:7f17a6e1ae71fc4fc5027e839551a963eb3d8b6ddcc1447deb2acdb0f97585c3
    name: rsync
    evr: 3.1.3-27.el8_10
  - url: https://cdn-ubi.redhat.com/content/public/ubi/dist/ubi8/8/x86_64/baseos/source/SRPMS/Packages/t/tar-1.30-13.el8_10.src.rpm
    repoid: ubi-8-for-x86_64-baseos-source-rpms
    size: 2255612
    checksum: sha256:6b9511f132b3d691379f8f4df65a84f8a9fa3048bc379c47d2bb291d37927d8b
    name: tar
    evr: 2:1.30-13.el8_10
  - url: https://cdn-ubi.redhat.com/content/public/ubi/dist/ubi8/8/x86_64/baseos/source/SRPMS/Packages/t/tzdata-2026c-1.el8_10.src.rpm
    repoid: ubi-8-for-x86_64-baseos-source-rpms
    size: 973406
    checksum: sha256:0f1a5b4eb83467de27fb5e11c9ca30a3a148773791a31a3c6e76737ae9776a6b
    name: tzdata
    evr: 2026c-1.el8_10
  module_metadata: []
